PODS:
  - Introspect (0.1.0)
  - Then (2.6.0)

DEPENDENCIES:
  - Introspect
  - Then

SPEC REPOS:
  trunk:
    - Introspect
    - Then

SPEC CHECKSUMS:
  Introspect: ad32f2b7b9e7ac2c008b9dfec3d5325fbd3660fa
  Then: 90cd104fd951cec1980a03f57704ad8f784d4d79

PODFILE CHECKSUM: 9564028d0911e45f4628a3806edae31400c464f8

COCOAPODS: 1.9.3
