// !$*UTF8*$!
{
	archiveVersion = 1;
	classes = {
	};
	objectVersion = 51;
	objects = {

/* Begin PBXBuildFile section */
		284FD85E241F70DF00CD2F7F /* PersonListViewModel.swift in Sources */ = {isa = PBXBuildFile; fileRef = 284FD85D241F70DF00CD2F7F /* PersonListViewModel.swift */; };
		284FD862241F797800CD2F7F /* View+AnyView.swift in Sources */ = {isa = PBXBuildFile; fileRef = 284FD861241F797800CD2F7F /* View+AnyView.swift */; };
		284FD897241FDAEC00CD2F7F /* PersonDetailsViewModel.swift in Sources */ = {isa = PBXBuildFile; fileRef = 284FD896241FDAEC00CD2F7F /* PersonDetailsViewModel.swift */; };
		284FD899241FEA3200CD2F7F /* LazyView.swift in Sources */ = {isa = PBXBuildFile; fileRef = 284FD898241FEA3200CD2F7F /* LazyView.swift */; };
		284FD89B24209E6C00CD2F7F /* ObservableObject+SelfFix.swift in Sources */ = {isa = PBXBuildFile; fileRef = 284FD89A24209E6C00CD2F7F /* ObservableObject+SelfFix.swift */; };
		284FD89D2420BF4700CD2F7F /* View+LogLoading.swift in Sources */ = {isa = PBXBuildFile; fileRef = 284FD89C2420BF4700CD2F7F /* View+LogLoading.swift */; };
		284FD8C42422532200CD2F7F /* PublisherMVVMExampleView.swift in Sources */ = {isa = PBXBuildFile; fileRef = 284FD8C32422532200CD2F7F /* PublisherMVVMExampleView.swift */; };
		28545A362419031C000A0B87 /* PersonListView+Row.swift in Sources */ = {isa = PBXBuildFile; fileRef = 28545A352419031C000A0B87 /* PersonListView+Row.swift */; };
		28545A3824191819000A0B87 /* ListStylingDemoView.swift in Sources */ = {isa = PBXBuildFile; fileRef = 28545A3724191819000A0B87 /* ListStylingDemoView.swift */; };
		2855FD29242CA0AF000D161C /* ObservableModel.swift in Sources */ = {isa = PBXBuildFile; fileRef = 2855FD28242CA0AF000D161C /* ObservableModel.swift */; };
		286AEDFC2423562600451E6D /* View+ReloadOn.swift in Sources */ = {isa = PBXBuildFile; fileRef = 286AEDFB2423562600451E6D /* View+ReloadOn.swift */; };
		286AEDFF24235CB000451E6D /* PublisherMVVMExampleViewModel.swift in Sources */ = {isa = PBXBuildFile; fileRef = 286AEDFE24235CB000451E6D /* PublisherMVVMExampleViewModel.swift */; };
		28E6A8BC241A1469007EEFB2 /* Introspection.swift in Sources */ = {isa = PBXBuildFile; fileRef = 28E6A8BB241A1469007EEFB2 /* Introspection.swift */; };
		32237B03234E359D00A7984F /* PersonDetailsView.swift in Sources */ = {isa = PBXBuildFile; fileRef = 32237B02234E359D00A7984F /* PersonDetailsView.swift */; };
		323E2C22233AC80800127F2C /* AppDelegate.swift in Sources */ = {isa = PBXBuildFile; fileRef = 323E2C21233AC80800127F2C /* AppDelegate.swift */; };
		323E2C24233AC80800127F2C /* SceneDelegate.swift in Sources */ = {isa = PBXBuildFile; fileRef = 323E2C23233AC80800127F2C /* SceneDelegate.swift */; };
		323E2C26233AC80800127F2C /* PersonListView.swift in Sources */ = {isa = PBXBuildFile; fileRef = 323E2C25233AC80800127F2C /* PersonListView.swift */; };
		323E2C28233AC80A00127F2C /* Assets.xcassets in Resources */ = {isa = PBXBuildFile; fileRef = 323E2C27233AC80A00127F2C /* Assets.xcassets */; };
		323E2C2B233AC80A00127F2C /* Preview Assets.xcassets in Resources */ = {isa = PBXBuildFile; fileRef = 323E2C2A233AC80A00127F2C /* Preview Assets.xcassets */; };
		323E2C2E233AC80A00127F2C /* LaunchScreen.storyboard in Resources */ = {isa = PBXBuildFile; fileRef = 323E2C2C233AC80A00127F2C /* LaunchScreen.storyboard */; };
		328D6243234DCB0100E20E18 /* Person+Preview.swift in Sources */ = {isa = PBXBuildFile; fileRef = 328D6242234DCB0100E20E18 /* Person+Preview.swift */; };
		32E6F3C7234B96A700A34879 /* Person.swift in Sources */ = {isa = PBXBuildFile; fileRef = 32E6F3C6234B96A700A34879 /* Person.swift */; };
		B0797A9984302564A9905DA1 /* Pods_Rivora.framework in Frameworks */ = {isa = PBXBuildFile; fileRef = A86B075B88F78EA993B2D322 /* Pods_Rivora.framework */; };
/* End PBXBuildFile section */

/* Begin PBXFileReference section */
		284FD85D241F70DF00CD2F7F /* PersonListViewModel.swift */ = {isa = PBXFileReference; lastKnownFileType = sourcecode.swift; path = PersonListViewModel.swift; sourceTree = "<group>"; };
		284FD861241F797800CD2F7F /* View+AnyView.swift */ = {isa = PBXFileReference; lastKnownFileType = sourcecode.swift; path = "View+AnyView.swift"; sourceTree = "<group>"; };
		284FD896241FDAEC00CD2F7F /* PersonDetailsViewModel.swift */ = {isa = PBXFileReference; lastKnownFileType = sourcecode.swift; path = PersonDetailsViewModel.swift; sourceTree = "<group>"; };
		284FD898241FEA3200CD2F7F /* LazyView.swift */ = {isa = PBXFileReference; lastKnownFileType = sourcecode.swift; path = LazyView.swift; sourceTree = "<group>"; };
		284FD89A24209E6C00CD2F7F /* ObservableObject+SelfFix.swift */ = {isa = PBXFileReference; lastKnownFileType = sourcecode.swift; path = "ObservableObject+SelfFix.swift"; sourceTree = "<group>"; };
		284FD89C2420BF4700CD2F7F /* View+LogLoading.swift */ = {isa = PBXFileReference; lastKnownFileType = sourcecode.swift; path = "View+LogLoading.swift"; sourceTree = "<group>"; };
		284FD8C32422532200CD2F7F /* PublisherMVVMExampleView.swift */ = {isa = PBXFileReference; lastKnownFileType = sourcecode.swift; path = PublisherMVVMExampleView.swift; sourceTree = "<group>"; };
		28545A352419031C000A0B87 /* PersonListView+Row.swift */ = {isa = PBXFileReference; lastKnownFileType = sourcecode.swift; path = "PersonListView+Row.swift"; sourceTree = "<group>"; };
		28545A3724191819000A0B87 /* ListStylingDemoView.swift */ = {isa = PBXFileReference; lastKnownFileType = sourcecode.swift; path = ListStylingDemoView.swift; sourceTree = "<group>"; };
		2855FD28242CA0AF000D161C /* ObservableModel.swift */ = {isa = PBXFileReference; lastKnownFileType = sourcecode.swift; path = ObservableModel.swift; sourceTree = "<group>"; };
		286AEDFB2423562600451E6D /* View+ReloadOn.swift */ = {isa = PBXFileReference; lastKnownFileType = sourcecode.swift; path = "View+ReloadOn.swift"; sourceTree = "<group>"; };
		286AEDFE24235CB000451E6D /* PublisherMVVMExampleViewModel.swift */ = {isa = PBXFileReference; lastKnownFileType = sourcecode.swift; path = PublisherMVVMExampleViewModel.swift; sourceTree = "<group>"; };
		28E6A8BB241A1469007EEFB2 /* Introspection.swift */ = {isa = PBXFileReference; lastKnownFileType = sourcecode.swift; path = Introspection.swift; sourceTree = "<group>"; };
		32237B02234E359D00A7984F /* PersonDetailsView.swift */ = {isa = PBXFileReference; lastKnownFileType = sourcecode.swift; path = PersonDetailsView.swift; sourceTree = "<group>"; };
		323E2C1E233AC80800127F2C /* Rivora.app */ = {isa = PBXFileReference; explicitFileType = wrapper.application; includeInIndex = 0; path = Rivora.app; sourceTree = BUILT_PRODUCTS_DIR; };
		323E2C21233AC80800127F2C /* AppDelegate.swift */ = {isa = PBXFileReference; lastKnownFileType = sourcecode.swift; path = AppDelegate.swift; sourceTree = "<group>"; };
		323E2C23233AC80800127F2C /* SceneDelegate.swift */ = {isa = PBXFileReference; lastKnownFileType = sourcecode.swift; path = SceneDelegate.swift; sourceTree = "<group>"; };
		323E2C25233AC80800127F2C /* PersonListView.swift */ = {isa = PBXFileReference; lastKnownFileType = sourcecode.swift; path = PersonListView.swift; sourceTree = "<group>"; };
		323E2C27233AC80A00127F2C /* Assets.xcassets */ = {isa = PBXFileReference; lastKnownFileType = folder.assetcatalog; path = Assets.xcassets; sourceTree = "<group>"; };
		323E2C2A233AC80A00127F2C /* Preview Assets.xcassets */ = {isa = PBXFileReference; lastKnownFileType = folder.assetcatalog; path = "Preview Assets.xcassets"; sourceTree = "<group>"; };
		323E2C2D233AC80A00127F2C /* Base */ = {isa = PBXFileReference; lastKnownFileType = file.storyboard; name = Base; path = Base.lproj/LaunchScreen.storyboard; sourceTree = "<group>"; };
		323E2C2F233AC80A00127F2C /* Info.plist */ = {isa = PBXFileReference; lastKnownFileType = text.plist.xml; path = Info.plist; sourceTree = "<group>"; };
		328D6242234DCB0100E20E18 /* Person+Preview.swift */ = {isa = PBXFileReference; lastKnownFileType = sourcecode.swift; path = "Person+Preview.swift"; sourceTree = "<group>"; };
		32E6F3C6234B96A700A34879 /* Person.swift */ = {isa = PBXFileReference; lastKnownFileType = sourcecode.swift; path = Person.swift; sourceTree = "<group>"; };
		8122204CFF4F5CD23E9A702B /* Pods-Rivora.release.xcconfig */ = {isa = PBXFileReference; includeInIndex = 1; lastKnownFileType = text.xcconfig; name = "Pods-Rivora.release.xcconfig"; path = "Target Support Files/Pods-Rivora/Pods-Rivora.release.xcconfig"; sourceTree = "<group>"; };
		A86B075B88F78EA993B2D322 /* Pods_Rivora.framework */ = {isa = PBXFileReference; explicitFileType = wrapper.framework; includeInIndex = 0; path = Pods_Rivora.framework; sourceTree = BUILT_PRODUCTS_DIR; };
		FEF155F0D0FAEE4D676DF800 /* Pods-Rivora.debug.xcconfig */ = {isa = PBXFileReference; includeInIndex = 1; lastKnownFileType = text.xcconfig; name = "Pods-Rivora.debug.xcconfig"; path = "Target Support Files/Pods-Rivora/Pods-Rivora.debug.xcconfig"; sourceTree = "<group>"; };
/* End PBXFileReference section */

/* Begin PBXFrameworksBuildPhase section */
		323E2C1B233AC80800127F2C /* Frameworks */ = {
			isa = PBXFrameworksBuildPhase;
			buildActionMask = 2147483647;
			files = (
				B0797A9984302564A9905DA1 /* Pods_Rivora.framework in Frameworks */,
			);
			runOnlyForDeploymentPostprocessing = 0;
		};
/* End PBXFrameworksBuildPhase section */

/* Begin PBXGroup section */
		088D477D063228DE03FD2B70 /* Frameworks */ = {
			isa = PBXGroup;
			children = (
				A86B075B88F78EA993B2D322 /* Pods_Rivora.framework */,
			);
			name = Frameworks;
			sourceTree = "<group>";
		};
		28545A392419234A000A0B87 /* Utils */ = {
			isa = PBXGroup;
			children = (
			);
			path = Utils;
			sourceTree = "<group>";
		};
		2855FD2A242CC845000D161C /* Utils */ = {
			isa = PBXGroup;
			children = (
				28E6A8BB241A1469007EEFB2 /* Introspection.swift */,
				284FD861241F797800CD2F7F /* View+AnyView.swift */,
				284FD898241FEA3200CD2F7F /* LazyView.swift */,
				284FD89A24209E6C00CD2F7F /* ObservableObject+SelfFix.swift */,
				284FD89C2420BF4700CD2F7F /* View+LogLoading.swift */,
				286AEDFB2423562600451E6D /* View+ReloadOn.swift */,
				2855FD28242CA0AF000D161C /* ObservableModel.swift */,
			);
			path = Utils;
			sourceTree = "<group>";
		};
		286AEDFD24235C8E00451E6D /* PublisherMVVMExample */ = {
			isa = PBXGroup;
			children = (
				284FD8C32422532200CD2F7F /* PublisherMVVMExampleView.swift */,
				286AEDFE24235CB000451E6D /* PublisherMVVMExampleViewModel.swift */,
			);
			path = PublisherMVVMExample;
			sourceTree = "<group>";
		};
		28E6A8BE241A2FE3007EEFB2 /* Model */ = {
			isa = PBXGroup;
			children = (
				32E6F3C6234B96A700A34879 /* Person.swift */,
				328D6242234DCB0100E20E18 /* Person+Preview.swift */,
			);
			path = Model;
			sourceTree = "<group>";
		};
		28E6A8BF241A3023007EEFB2 /* Presentation */ = {
			isa = PBXGroup;
			children = (
				2855FD2A242CC845000D161C /* Utils */,
				28E6A8C0241A3033007EEFB2 /* Screens */,
			);
			path = Presentation;
			sourceTree = "<group>";
		};
		28E6A8C0241A3033007EEFB2 /* Screens */ = {
			isa = PBXGroup;
			children = (
				286AEDFD24235C8E00451E6D /* PublisherMVVMExample */,
				28E6A8C3241A322E007EEFB2 /* ListStylingDemo */,
				28E6A8C1241A304A007EEFB2 /* PersonList */,
				28E6A8C2241A3050007EEFB2 /* PersonDetails */,
			);
			path = Screens;
			sourceTree = "<group>";
		};
		28E6A8C1241A304A007EEFB2 /* PersonList */ = {
			isa = PBXGroup;
			children = (
				284FD85D241F70DF00CD2F7F /* PersonListViewModel.swift */,
				323E2C25233AC80800127F2C /* PersonListView.swift */,
				28545A352419031C000A0B87 /* PersonListView+Row.swift */,
			);
			path = PersonList;
			sourceTree = "<group>";
		};
		28E6A8C2241A3050007EEFB2 /* PersonDetails */ = {
			isa = PBXGroup;
			children = (
				284FD896241FDAEC00CD2F7F /* PersonDetailsViewModel.swift */,
				32237B02234E359D00A7984F /* PersonDetailsView.swift */,
			);
			path = PersonDetails;
			sourceTree = "<group>";
		};
		28E6A8C3241A322E007EEFB2 /* ListStylingDemo */ = {
			isa = PBXGroup;
			children = (
				28545A3724191819000A0B87 /* ListStylingDemoView.swift */,
			);
			path = ListStylingDemo;
			sourceTree = "<group>";
		};
		323E2C15233AC80800127F2C = {
			isa = PBXGroup;
			children = (
				323E2C20233AC80800127F2C /* Rivora */,
				323E2C1F233AC80800127F2C /* Products */,
				EAF4D2CF56A55B477447F03C /* Pods */,
				088D477D063228DE03FD2B70 /* Frameworks */,
			);
			sourceTree = "<group>";
		};
		323E2C1F233AC80800127F2C /* Products */ = {
			isa = PBXGroup;
			children = (
				323E2C1E233AC80800127F2C /* Rivora.app */,
			);
			name = Products;
			sourceTree = "<group>";
		};
		323E2C20233AC80800127F2C /* Rivora */ = {
			isa = PBXGroup;
			children = (
				323E2C21233AC80800127F2C /* AppDelegate.swift */,
				323E2C23233AC80800127F2C /* SceneDelegate.swift */,
				28545A392419234A000A0B87 /* Utils */,
				28E6A8BE241A2FE3007EEFB2 /* Model */,
				28E6A8BF241A3023007EEFB2 /* Presentation */,
				323E2C27233AC80A00127F2C /* Assets.xcassets */,
				323E2C2C233AC80A00127F2C /* LaunchScreen.storyboard */,
				323E2C2F233AC80A00127F2C /* Info.plist */,
				323E2C29233AC80A00127F2C /* Preview Content */,
			);
			path = Rivora;
			sourceTree = "<group>";
		};
		323E2C29233AC80A00127F2C /* Preview Content */ = {
			isa = PBXGroup;
			children = (
				323E2C2A233AC80A00127F2C /* Preview Assets.xcassets */,
			);
			path = "Preview Content";
			sourceTree = "<group>";
		};
		EAF4D2CF56A55B477447F03C /* Pods */ = {
			isa = PBXGroup;
			children = (
				FEF155F0D0FAEE4D676DF800 /* Pods-Rivora.debug.xcconfig */,
				8122204CFF4F5CD23E9A702B /* Pods-Rivora.release.xcconfig */,
			);
			path = Pods;
			sourceTree = "<group>";
		};
/* End PBXGroup section */

/* Begin PBXNativeTarget section */
		323E2C1D233AC80800127F2C /* Rivora */ = {
			isa = PBXNativeTarget;
			buildConfigurationList = 323E2C32233AC80A00127F2C /* Build configuration list for PBXNativeTarget "Rivora" */;
			buildPhases = (
				67260413C10FB165C05416D3 /* [CP] Check Pods Manifest.lock */,
				323E2C1A233AC80800127F2C /* Sources */,
				323E2C1B233AC80800127F2C /* Frameworks */,
				323E2C1C233AC80800127F2C /* Resources */,
				8F2F7BBC787283C820DA81BB /* [CP] Embed Pods Frameworks */,
			);
			buildRules = (
			);
			dependencies = (
			);
			name = Rivora;
			productName = Rivora;
			productReference = 323E2C1E233AC80800127F2C /* Rivora.app */;
			productType = "com.apple.product-type.application";
		};
/* End PBXNativeTarget section */

/* Begin PBXProject section */
		323E2C16233AC80800127F2C /* Project object */ = {
			isa = PBXProject;
			attributes = {
				LastSwiftUpdateCheck = 1100;
				LastUpgradeCheck = 1100;
				ORGANIZATIONNAME = "Dmitrii Trofimov";
				TargetAttributes = {
					323E2C1D233AC80800127F2C = {
						CreatedOnToolsVersion = 11.0;
					};
				};
			};
			buildConfigurationList = 323E2C19233AC80800127F2C /* Build configuration list for PBXProject "Rivora" */;
			compatibilityVersion = "Xcode 9.3";
			developmentRegion = en;
			hasScannedForEncodings = 0;
			knownRegions = (
				en,
				Base,
			);
			mainGroup = 323E2C15233AC80800127F2C;
			productRefGroup = 323E2C1F233AC80800127F2C /* Products */;
			projectDirPath = "";
			projectRoot = "";
			targets = (
				323E2C1D233AC80800127F2C /* Rivora */,
			);
		};
/* End PBXProject section */

/* Begin PBXResourcesBuildPhase section */
		323E2C1C233AC80800127F2C /* Resources */ = {
			isa = PBXResourcesBuildPhase;
			buildActionMask = 2147483647;
			files = (
				323E2C2E233AC80A00127F2C /* LaunchScreen.storyboard in Resources */,
				323E2C2B233AC80A00127F2C /* Preview Assets.xcassets in Resources */,
				323E2C28233AC80A00127F2C /* Assets.xcassets in Resources */,
			);
			runOnlyForDeploymentPostprocessing = 0;
		};
/* End PBXResourcesBuildPhase section */

/* Begin PBXShellScriptBuildPhase section */
		67260413C10FB165C05416D3 /* [CP] Check Pods Manifest.lock */ = {
			isa = PBXShellScriptBuildPhase;
			buildActionMask = 2147483647;
			files = (
			);
			inputFileListPaths = (
			);
			inputPaths = (
				"${PODS_PODFILE_DIR_PATH}/Podfile.lock",
				"${PODS_ROOT}/Manifest.lock",
			);
			name = "[CP] Check Pods Manifest.lock";
			outputFileListPaths = (
			);
			outputPaths = (
				"$(DERIVED_FILE_DIR)/Pods-Rivora-checkManifestLockResult.txt",
			);
			runOnlyForDeploymentPostprocessing = 0;
			shellPath = /bin/sh;
			shellScript = "diff \"${PODS_PODFILE_DIR_PATH}/Podfile.lock\" \"${PODS_ROOT}/Manifest.lock\" > /dev/null\nif [ $? != 0 ] ; then\n    # print error to STDERR\n    echo \"error: The sandbox is not in sync with the Podfile.lock. Run 'pod install' or update your CocoaPods installation.\" >&2\n    exit 1\nfi\n# This output is used by Xcode 'outputs' to avoid re-running this script phase.\necho \"SUCCESS\" > \"${SCRIPT_OUTPUT_FILE_0}\"\n";
			showEnvVarsInLog = 0;
		};
		8F2F7BBC787283C820DA81BB /* [CP] Embed Pods Frameworks */ = {
			isa = PBXShellScriptBuildPhase;
			buildActionMask = 2147483647;
			files = (
			);
			inputFileListPaths = (
				"${PODS_ROOT}/Target Support Files/Pods-Rivora/Pods-Rivora-frameworks-${CONFIGURATION}-input-files.xcfilelist",
			);
			name = "[CP] Embed Pods Frameworks";
			outputFileListPaths = (
				"${PODS_ROOT}/Target Support Files/Pods-Rivora/Pods-Rivora-frameworks-${CONFIGURATION}-output-files.xcfilelist",
			);
			runOnlyForDeploymentPostprocessing = 0;
			shellPath = /bin/sh;
			shellScript = "\"${PODS_ROOT}/Target Support Files/Pods-Rivora/Pods-Rivora-frameworks.sh\"\n";
			showEnvVarsInLog = 0;
		};
/* End PBXShellScriptBuildPhase section */

/* Begin PBXSourcesBuildPhase section */
		323E2C1A233AC80800127F2C /* Sources */ = {
			isa = PBXSourcesBuildPhase;
			buildActionMask = 2147483647;
			files = (
				284FD897241FDAEC00CD2F7F /* PersonDetailsViewModel.swift in Sources */,
				28545A362419031C000A0B87 /* PersonListView+Row.swift in Sources */,
				32237B03234E359D00A7984F /* PersonDetailsView.swift in Sources */,
				28E6A8BC241A1469007EEFB2 /* Introspection.swift in Sources */,
				286AEDFF24235CB000451E6D /* PublisherMVVMExampleViewModel.swift in Sources */,
				328D6243234DCB0100E20E18 /* Person+Preview.swift in Sources */,
				2855FD29242CA0AF000D161C /* ObservableModel.swift in Sources */,
				284FD8C42422532200CD2F7F /* PublisherMVVMExampleView.swift in Sources */,
				284FD89B24209E6C00CD2F7F /* ObservableObject+SelfFix.swift in Sources */,
				28545A3824191819000A0B87 /* ListStylingDemoView.swift in Sources */,
				284FD899241FEA3200CD2F7F /* LazyView.swift in Sources */,
				284FD85E241F70DF00CD2F7F /* PersonListViewModel.swift in Sources */,
				323E2C22233AC80800127F2C /* AppDelegate.swift in Sources */,
				323E2C24233AC80800127F2C /* SceneDelegate.swift in Sources */,
				32E6F3C7234B96A700A34879 /* Person.swift in Sources */,
				284FD862241F797800CD2F7F /* View+AnyView.swift in Sources */,
				286AEDFC2423562600451E6D /* View+ReloadOn.swift in Sources */,
				284FD89D2420BF4700CD2F7F /* View+LogLoading.swift in Sources */,
				323E2C26233AC80800127F2C /* PersonListView.swift in Sources */,
			);
			runOnlyForDeploymentPostprocessing = 0;
		};
/* End PBXSourcesBuildPhase section */

/* Begin PBXVariantGroup section */
		323E2C2C233AC80A00127F2C /* LaunchScreen.storyboard */ = {
			isa = PBXVariantGroup;
			children = (
				323E2C2D233AC80A00127F2C /* Base */,
			);
			name = LaunchScreen.storyboard;
			sourceTree = "<group>";
		};
/* End PBXVariantGroup section */

/* Begin XCBuildConfiguration section */
		323E2C30233AC80A00127F2C /* Debug */ = {
			isa = XCBuildConfiguration;
			buildSettings = {
				ALWAYS_SEARCH_USER_PATHS = NO;
				CLANG_ANALYZER_NONNULL = YES;
				CLANG_ANALYZER_NUMBER_OBJECT_CONVERSION = YES_AGGRESSIVE;
				CLANG_CXX_LANGUAGE_STANDARD = "gnu++14";
				CLANG_CXX_LIBRARY = "libc++";
				CLANG_ENABLE_MODULES = YES;
				CLANG_ENABLE_OBJC_ARC = YES;
				CLANG_ENABLE_OBJC_WEAK = YES;
				CLANG_WARN_BLOCK_CAPTURE_AUTORELEASING = YES;
				CLANG_WARN_BOOL_CONVERSION = YES;
				CLANG_WARN_COMMA = YES;
				CLANG_WARN_CONSTANT_CONVERSION = YES;
				CLANG_WARN_DEPRECATED_OBJC_IMPLEMENTATIONS = YES;
				CLANG_WARN_DIRECT_OBJC_ISA_USAGE = YES_ERROR;
				CLANG_WARN_DOCUMENTATION_COMMENTS = YES;
				CLANG_WARN_EMPTY_BODY = YES;
				CLANG_WARN_ENUM_CONVERSION = YES;
				CLANG_WARN_INFINITE_RECURSION = YES;
				CLANG_WARN_INT_CONVERSION = YES;
				CLANG_WARN_NON_LITERAL_NULL_CONVERSION = YES;
				CLANG_WARN_OBJC_IMPLICIT_RETAIN_SELF = YES;
				CLANG_WARN_OBJC_LITERAL_CONVERSION = YES;
				CLANG_WARN_OBJC_ROOT_CLASS = YES_ERROR;
				CLANG_WARN_RANGE_LOOP_ANALYSIS = YES;
				CLANG_WARN_STRICT_PROTOTYPES = YES;
				CLANG_WARN_SUSPICIOUS_MOVE = YES;
				CLANG_WARN_UNGUARDED_AVAILABILITY = YES_AGGRESSIVE;
				CLANG_WARN_UNREACHABLE_CODE = YES;
				CLANG_WARN__DUPLICATE_METHOD_MATCH = YES;
				COPY_PHASE_STRIP = NO;
				DEBUG_INFORMATION_FORMAT = dwarf;
				ENABLE_STRICT_OBJC_MSGSEND = YES;
				ENABLE_TESTABILITY = YES;
				GCC_C_LANGUAGE_STANDARD = gnu11;
				GCC_DYNAMIC_NO_PIC = NO;
				GCC_NO_COMMON_BLOCKS = YES;
				GCC_OPTIMIZATION_LEVEL = 0;
				GCC_PREPROCESSOR_DEFINITIONS = (
					"DEBUG=1",
					"$(inherited)",
				);
				GCC_WARN_64_TO_32_BIT_CONVERSION = YES;
				GCC_WARN_ABOUT_RETURN_TYPE = YES_ERROR;
				GCC_WARN_UNDECLARED_SELECTOR = YES;
				GCC_WARN_UNINITIALIZED_AUTOS = YES_AGGRESSIVE;
				GCC_WARN_UNUSED_FUNCTION = YES;
				GCC_WARN_UNUSED_VARIABLE = YES;
				IPHONEOS_DEPLOYMENT_TARGET = 13.0;
				MTL_ENABLE_DEBUG_INFO = INCLUDE_SOURCE;
				MTL_FAST_MATH = YES;
				ONLY_ACTIVE_ARCH = YES;
				SDKROOT = iphoneos;
				SWIFT_ACTIVE_COMPILATION_CONDITIONS = DEBUG;
				SWIFT_OPTIMIZATION_LEVEL = "-Onone";
			};
			name = Debug;
		};
		323E2C31233AC80A00127F2C /* Release */ = {
			isa = XCBuildConfiguration;
			buildSettings = {
				ALWAYS_SEARCH_USER_PATHS = NO;
				CLANG_ANALYZER_NONNULL = YES;
				CLANG_ANALYZER_NUMBER_OBJECT_CONVERSION = YES_AGGRESSIVE;
				CLANG_CXX_LANGUAGE_STANDARD = "gnu++14";
				CLANG_CXX_LIBRARY = "libc++";
				CLANG_ENABLE_MODULES = YES;
				CLANG_ENABLE_OBJC_ARC = YES;
				CLANG_ENABLE_OBJC_WEAK = YES;
				CLANG_WARN_BLOCK_CAPTURE_AUTORELEASING = YES;
				CLANG_WARN_BOOL_CONVERSION = YES;
				CLANG_WARN_COMMA = YES;
				CLANG_WARN_CONSTANT_CONVERSION = YES;
				CLANG_WARN_DEPRECATED_OBJC_IMPLEMENTATIONS = YES;
				CLANG_WARN_DIRECT_OBJC_ISA_USAGE = YES_ERROR;
				CLANG_WARN_DOCUMENTATION_COMMENTS = YES;
				CLANG_WARN_EMPTY_BODY = YES;
				CLANG_WARN_ENUM_CONVERSION = YES;
				CLANG_WARN_INFINITE_RECURSION = YES;
				CLANG_WARN_INT_CONVERSION = YES;
				CLANG_WARN_NON_LITERAL_NULL_CONVERSION = YES;
				CLANG_WARN_OBJC_IMPLICIT_RETAIN_SELF = YES;
				CLANG_WARN_OBJC_LITERAL_CONVERSION = YES;
				CLANG_WARN_OBJC_ROOT_CLASS = YES_ERROR;
				CLANG_WARN_RANGE_LOOP_ANALYSIS = YES;
				CLANG_WARN_STRICT_PROTOTYPES = YES;
				CLANG_WARN_SUSPICIOUS_MOVE = YES;
				CLANG_WARN_UNGUARDED_AVAILABILITY = YES_AGGRESSIVE;
				CLANG_WARN_UNREACHABLE_CODE = YES;
				CLANG_WARN__DUPLICATE_METHOD_MATCH = YES;
				COPY_PHASE_STRIP = NO;
				DEBUG_INFORMATION_FORMAT = "dwarf-with-dsym";
				ENABLE_NS_ASSERTIONS = NO;
				ENABLE_STRICT_OBJC_MSGSEND = YES;
				GCC_C_LANGUAGE_STANDARD = gnu11;
				GCC_NO_COMMON_BLOCKS = YES;
				GCC_WARN_64_TO_32_BIT_CONVERSION = YES;
				GCC_WARN_ABOUT_RETURN_TYPE = YES_ERROR;
				GCC_WARN_UNDECLARED_SELECTOR = YES;
				GCC_WARN_UNINITIALIZED_AUTOS = YES_AGGRESSIVE;
				GCC_WARN_UNUSED_FUNCTION = YES;
				GCC_WARN_UNUSED_VARIABLE = YES;
				IPHONEOS_DEPLOYMENT_TARGET = 13.0;
				MTL_ENABLE_DEBUG_INFO = NO;
				MTL_FAST_MATH = YES;
				SDKROOT = iphoneos;
				SWIFT_COMPILATION_MODE = wholemodule;
				SWIFT_OPTIMIZATION_LEVEL = "-O";
				VALIDATE_PRODUCT = YES;
			};
			name = Release;
		};
		323E2C33233AC80A00127F2C /* Debug */ = {
			isa = XCBuildConfiguration;
			baseConfigurationReference = FEF155F0D0FAEE4D676DF800 /* Pods-Rivora.debug.xcconfig */;
			buildSettings = {
				ASSETCATALOG_COMPILER_APPICON_NAME = AppIcon;
				CODE_SIGN_STYLE = Automatic;
				DEVELOPMENT_ASSET_PATHS = "\"Rivora/Preview Content\"";
				ENABLE_PREVIEWS = YES;
				INFOPLIST_FILE = Rivora/Info.plist;
				LD_RUNPATH_SEARCH_PATHS = (
					"$(inherited)",
					"@executable_path/Frameworks",
				);
				OTHER_SWIFT_FLAGS = "$(inherited) -D COCOAPODS";
				PRODUCT_BUNDLE_IDENTIFIER = com.dmitriitrofimov.Rivora;
				PRODUCT_NAME = "$(TARGET_NAME)";
				SWIFT_VERSION = 5.0;
				TARGETED_DEVICE_FAMILY = "1,2";
			};
			name = Debug;
		};
		323E2C34233AC80A00127F2C /* Release */ = {
			isa = XCBuildConfiguration;
			baseConfigurationReference = 8122204CFF4F5CD23E9A702B /* Pods-Rivora.release.xcconfig */;
			buildSettings = {
				ASSETCATALOG_COMPILER_APPICON_NAME = AppIcon;
				CODE_SIGN_STYLE = Automatic;
				DEVELOPMENT_ASSET_PATHS = "\"Rivora/Preview Content\"";
				ENABLE_PREVIEWS = YES;
				INFOPLIST_FILE = Rivora/Info.plist;
				LD_RUNPATH_SEARCH_PATHS = (
					"$(inherited)",
					"@executable_path/Frameworks",
				);
				OTHER_SWIFT_FLAGS = "$(inherited) -D COCOAPODS";
				PRODUCT_BUNDLE_IDENTIFIER = com.dmitriitrofimov.Rivora;
				PRODUCT_NAME = "$(TARGET_NAME)";
				SWIFT_VERSION = 5.0;
				TARGETED_DEVICE_FAMILY = "1,2";
			};
			name = Release;
		};
/* End XCBuildConfiguration section */

/* Begin XCConfigurationList section */
		323E2C19233AC80800127F2C /* Build configuration list for PBXProject "Rivora" */ = {
			isa = XCConfigurationList;
			buildConfigurations = (
				323E2C30233AC80A00127F2C /* Debug */,
				323E2C31233AC80A00127F2C /* Release */,
			);
			defaultConfigurationIsVisible = 0;
			defaultConfigurationName = Release;
		};
		323E2C32233AC80A00127F2C /* Build configuration list for PBXNativeTarget "Rivora" */ = {
			isa = XCConfigurationList;
			buildConfigurations = (
				323E2C33233AC80A00127F2C /* Debug */,
				323E2C34233AC80A00127F2C /* Release */,
			);
			defaultConfigurationIsVisible = 0;
			defaultConfigurationName = Release;
		};
/* End XCConfigurationList section */
	};
	rootObject = 323E2C16233AC80800127F2C /* Project object */;
}
